
Microsoft Visual Studio Solution File, Format Version 12.00
# Visual Studio Version 17
VisualStudioVersion = 17.14.36121.58 d17.14
MinimumVisualStudioVersion = 10.0.40219.1
Project("{FAE04EC0-301F-11D3-BF4B-00C04F79EFBC}") = "VanityPlates", "VanityPlates.csproj", "{D0A3C817-154F-439E-B820-A0DA678DBB49}"
EndProject
Global
	GlobalSection(SolutionConfigurationPlatforms) = preSolution
		Debug|Any CPU = Debug|Any CPU
		Release|Any CPU = Release|Any CPU
	EndGlobalSection
	GlobalSection(ProjectConfigurationPlatforms) = postSolution
		{D0A3C817-154F-439E-B820-A0DA678DBB49}.Debug|Any CPU.ActiveCfg = Debug|Any CPU
		{D0A3C817-154F-439E-B820-A0DA678DBB49}.Debug|Any CPU.Build.0 = Debug|Any CPU
		{D0A3C817-154F-439E-B820-A0DA678DBB49}.Release|Any CPU.ActiveCfg = Release|Any CPU
		{D0A3C817-154F-439E-B820-A0DA678DBB49}.Release|Any CPU.Build.0 = Release|Any CPU
	EndGlobalSection
	GlobalSection(SolutionProperties) = preSolution
		HideSolutionNode = FALSE
	EndGlobalSection
	GlobalSection(ExtensibilityGlobals) = postSolution
		SolutionGuid = {B2CD55AE-0B57-4AAF-9B5C-6D7AC599E307}
	EndGlobalSection
EndGlobal
